
Microsoft Visual Studio Solution File, Format Version 12.00
# Visual Studio Version 16
VisualStudioVersion = 16.0.29911.84
MinimumVisualStudioVersion = 10.0.40219.1
Project("{FAE04EC0-301F-11D3-BF4B-00C04F79EFBC}") = "Introducao", "Introducao.csproj", "{89F5DDF9-11B2-4923-8A7B-2B5297EBE2AF}"
EndProject
Global
	GlobalSection(SolutionConfigurationPlatforms) = preSolution
		Debug|Any CPU = Debug|Any CPU
		Release|Any CPU = Release|Any CPU
	EndGlobalSection
	GlobalSection(ProjectConfigurationPlatforms) = postSolution
		{89F5DDF9-11B2-4923-8A7B-2B5297EBE2AF}.Debug|Any CPU.ActiveCfg = Debug|Any CPU
		{89F5DDF9-11B2-4923-8A7B-2B5297EBE2AF}.Debug|Any CPU.Build.0 = Debug|Any CPU
		{89F5DDF9-11B2-4923-8A7B-2B5297EBE2AF}.Release|Any CPU.ActiveCfg = Release|Any CPU
		{89F5DDF9-11B2-4923-8A7B-2B5297EBE2AF}.Release|Any CPU.Build.0 = Release|Any CPU
	EndGlobalSection
	GlobalSection(SolutionProperties) = preSolution
		HideSolutionNode = FALSE
	EndGlobalSection
	GlobalSection(ExtensibilityGlobals) = postSolution
		SolutionGuid = {F1114D1A-1772-4108-BB26-08B1327C4446}
	EndGlobalSection
EndGlobal
